// !$*UTF8*$!
{
	archiveVersion = 1;
	classes = {
	};
	objectVersion = 55;
	objects = {

/* Begin PBXBuildFile section */
		62A1D2DB29CAF8400001840E /* SearchResult.swift in Sources */ = {isa = PBXBuildFile; fileRef = 62A1D2DA29CAF8400001840E /* SearchResult.swift */; };
		62A1D2DE29CB10DF0001840E /* Service.swift in Sources */ = {isa = PBXBuildFile; fileRef = 62A1D2DD29CB10DF0001840E /* Service.swift */; };
		62C29F1B29C9D0A5003A380A /* AppDelegate.swift in Sources */ = {isa = PBXBuildFile; fileRef = 62C29F1A29C9D0A5003A380A /* AppDelegate.swift */; };
		62C29F1D29C9D0A5003A380A /* SceneDelegate.swift in Sources */ = {isa = PBXBuildFile; fileRef = 62C29F1C29C9D0A5003A380A /* SceneDelegate.swift */; };
		62C29F1F29C9D0A5003A380A /* ViewController.swift in Sources */ = {isa = PBXBuildFile; fileRef = 62C29F1E29C9D0A5003A380A /* ViewController.swift */; };
		62C29F2229C9D0A5003A380A /* Main.storyboard in Resources */ = {isa = PBXBuildFile; fileRef = 62C29F2029C9D0A5003A380A /* Main.storyboard */; };
		62C29F2429C9D0A6003A380A /* Assets.xcassets in Resources */ = {isa = PBXBuildFile; fileRef = 62C29F2329C9D0A6003A380A /* Assets.xcassets */; };
		62C29F2729C9D0A6003A380A /* LaunchScreen.storyboard in Resources */ = {isa = PBXBuildFile; fileRef = 62C29F2529C9D0A6003A380A /* LaunchScreen.storyboard */; };
		62C29F2F29C9D7ED003A380A /* BaseTabBarController.swift in Sources */ = {isa = PBXBuildFile; fileRef = 62C29F2E29C9D7ED003A380A /* BaseTabBarController.swift */; };
		62C29F3229C9F97D003A380A /* AppsSearchController.swift in Sources */ = {isa = PBXBuildFile; fileRef = 62C29F3129C9F97D003A380A /* AppsSearchController.swift */; };
		62C29F3529C9FDFA003A380A /* SearchResultCell.swift in Sources */ = {isa = PBXBuildFile; fileRef = 62C29F3429C9FDFA003A380A /* SearchResultCell.swift */; };
		62C29F3829CA0BCD003A380A /* VerticalStackView.swift in Sources */ = {isa = PBXBuildFile; fileRef = 62C29F3729CA0BCD003A380A /* VerticalStackView.swift */; };
		62E8EF6529CB3D10004B4F41 /* Anchors.swift in Sources */ = {isa = PBXBuildFile; fileRef = 62E8EF6429CB3D10004B4F41 /* Anchors.swift */; };
		62EC7F2429CC1C9600F72B46 /* AppsPageController.swift in Sources */ = {isa = PBXBuildFile; fileRef = 62EC7F2329CC1C9600F72B46 /* AppsPageController.swift */; };
		62EC7F2629CC1D7200F72B46 /* BaseListController.swift in Sources */ = {isa = PBXBuildFile; fileRef = 62EC7F2529CC1D7200F72B46 /* BaseListController.swift */; };
		62EC7F2A29CC1F0700F72B46 /* AppsGroupCell.swift in Sources */ = {isa = PBXBuildFile; fileRef = 62EC7F2929CC1F0700F72B46 /* AppsGroupCell.swift */; };
		62EC7F2C29CC21B100F72B46 /* AppsHorizontalController.swift in Sources */ = {isa = PBXBuildFile; fileRef = 62EC7F2B29CC21B100F72B46 /* AppsHorizontalController.swift */; };
		62EC7F2E29CC2B6E00F72B46 /* AppsRowCell.swift in Sources */ = {isa = PBXBuildFile; fileRef = 62EC7F2D29CC2B6E00F72B46 /* AppsRowCell.swift */; };
		62EC7F3029CC2C6E00F72B46 /* Extensions.swift in Sources */ = {isa = PBXBuildFile; fileRef = 62EC7F2F29CC2C6E00F72B46 /* Extensions.swift */; };
		62EC7F3229CC34FE00F72B46 /* AppsPageHeader.swift in Sources */ = {isa = PBXBuildFile; fileRef = 62EC7F3129CC34FE00F72B46 /* AppsPageHeader.swift */; };
		62EC7F3429CC36A400F72B46 /* AppsHeaderHorizontalController.swift in Sources */ = {isa = PBXBuildFile; fileRef = 62EC7F3329CC36A400F72B46 /* AppsHeaderHorizontalController.swift */; };
		62EC7F3629CC387100F72B46 /* AppsHeaderCell.swift in Sources */ = {isa = PBXBuildFile; fileRef = 62EC7F3529CC387100F72B46 /* AppsHeaderCell.swift */; };
		A67959AFED28CA8C364F3495 /* Pods_AppStoreClone.framework in Frameworks */ = {isa = PBXBuildFile; fileRef = 7009E6A8113E17B17A29CB9D /* Pods_AppStoreClone.framework */; };
/* End PBXBuildFile section */

/* Begin PBXFileReference section */
		62A1D2DA29CAF8400001840E /* SearchResult.swift */ = {isa = PBXFileReference; lastKnownFileType = sourcecode.swift; path = SearchResult.swift; sourceTree = "<group>"; };
		62A1D2DD29CB10DF0001840E /* Service.swift */ = {isa = PBXFileReference; lastKnownFileType = sourcecode.swift; path = Service.swift; sourceTree = "<group>"; };
		62C29F1729C9D0A5003A380A /* AppStoreClone.app */ = {isa = PBXFileReference; explicitFileType = wrapper.application; includeInIndex = 0; path = AppStoreClone.app; sourceTree = BUILT_PRODUCTS_DIR; };
		62C29F1A29C9D0A5003A380A /* AppDelegate.swift */ = {isa = PBXFileReference; lastKnownFileType = sourcecode.swift; path = AppDelegate.swift; sourceTree = "<group>"; };
		62C29F1C29C9D0A5003A380A /* SceneDelegate.swift */ = {isa = PBXFileReference; lastKnownFileType = sourcecode.swift; path = SceneDelegate.swift; sourceTree = "<group>"; };
		62C29F1E29C9D0A5003A380A /* ViewController.swift */ = {isa = PBXFileReference; lastKnownFileType = sourcecode.swift; path = ViewController.swift; sourceTree = "<group>"; };
		62C29F2129C9D0A5003A380A /* Base */ = {isa = PBXFileReference; lastKnownFileType = file.storyboard; name = Base; path = Base.lproj/Main.storyboard; sourceTree = "<group>"; };
		62C29F2329C9D0A6003A380A /* Assets.xcassets */ = {isa = PBXFileReference; lastKnownFileType = folder.assetcatalog; path = Assets.xcassets; sourceTree = "<group>"; };
		62C29F2629C9D0A6003A380A /* Base */ = {isa = PBXFileReference; lastKnownFileType = file.storyboard; name = Base; path = Base.lproj/LaunchScreen.storyboard; sourceTree = "<group>"; };
		62C29F2829C9D0A6003A380A /* Info.plist */ = {isa = PBXFileReference; lastKnownFileType = text.plist.xml; path = Info.plist; sourceTree = "<group>"; };
		62C29F2E29C9D7ED003A380A /* BaseTabBarController.swift */ = {isa = PBXFileReference; lastKnownFileType = sourcecode.swift; path = BaseTabBarController.swift; sourceTree = "<group>"; };
		62C29F3129C9F97D003A380A /* AppsSearchController.swift */ = {isa = PBXFileReference; lastKnownFileType = sourcecode.swift; path = AppsSearchController.swift; sourceTree = "<group>"; };
		62C29F3429C9FDFA003A380A /* SearchResultCell.swift */ = {isa = PBXFileReference; lastKnownFileType = sourcecode.swift; path = SearchResultCell.swift; sourceTree = "<group>"; };
		62C29F3729CA0BCD003A380A /* VerticalStackView.swift */ = {isa = PBXFileReference; lastKnownFileType = sourcecode.swift; path = VerticalStackView.swift; sourceTree = "<group>"; };
		62E8EF6429CB3D10004B4F41 /* Anchors.swift */ = {isa = PBXFileReference; lastKnownFileType = sourcecode.swift; path = Anchors.swift; sourceTree = "<group>"; };
		62EC7F2329CC1C9600F72B46 /* AppsPageController.swift */ = {isa = PBXFileReference; lastKnownFileType = sourcecode.swift; path = AppsPageController.swift; sourceTree = "<group>"; };
		62EC7F2529CC1D7200F72B46 /* BaseListController.swift */ = {isa = PBXFileReference; lastKnownFileType = sourcecode.swift; path = BaseListController.swift; sourceTree = "<group>"; };
		62EC7F2929CC1F0700F72B46 /* AppsGroupCell.swift */ = {isa = PBXFileReference; lastKnownFileType = sourcecode.swift; path = AppsGroupCell.swift; sourceTree = "<group>"; };
		62EC7F2B29CC21B100F72B46 /* AppsHorizontalController.swift */ = {isa = PBXFileReference; lastKnownFileType = sourcecode.swift; path = AppsHorizontalController.swift; sourceTree = "<group>"; };
		62EC7F2D29CC2B6E00F72B46 /* AppsRowCell.swift */ = {isa = PBXFileReference; lastKnownFileType = sourcecode.swift; path = AppsRowCell.swift; sourceTree = "<group>"; };
		62EC7F2F29CC2C6E00F72B46 /* Extensions.swift */ = {isa = PBXFileReference; lastKnownFileType = sourcecode.swift; path = Extensions.swift; sourceTree = "<group>"; };
		62EC7F3129CC34FE00F72B46 /* AppsPageHeader.swift */ = {isa = PBXFileReference; lastKnownFileType = sourcecode.swift; path = AppsPageHeader.swift; sourceTree = "<group>"; };
		62EC7F3329CC36A400F72B46 /* AppsHeaderHorizontalController.swift */ = {isa = PBXFileReference; lastKnownFileType = sourcecode.swift; path = AppsHeaderHorizontalController.swift; sourceTree = "<group>"; };
		62EC7F3529CC387100F72B46 /* AppsHeaderCell.swift */ = {isa = PBXFileReference; lastKnownFileType = sourcecode.swift; path = AppsHeaderCell.swift; sourceTree = "<group>"; };
		7009E6A8113E17B17A29CB9D /* Pods_AppStoreClone.framework */ = {isa = PBXFileReference; explicitFileType = wrapper.framework; includeInIndex = 0; path = Pods_AppStoreClone.framework; sourceTree = BUILT_PRODUCTS_DIR; };
		A0A6D16258A07AC894C4E047 /* Pods-AppStoreClone.debug.xcconfig */ = {isa = PBXFileReference; includeInIndex = 1; lastKnownFileType = text.xcconfig; name = "Pods-AppStoreClone.debug.xcconfig"; path = "Target Support Files/Pods-AppStoreClone/Pods-AppStoreClone.debug.xcconfig"; sourceTree = "<group>"; };
		CA9BEE40D8C2D6905A71C0DF /* Pods-AppStoreClone.release.xcconfig */ = {isa = PBXFileReference; includeInIndex = 1; lastKnownFileType = text.xcconfig; name = "Pods-AppStoreClone.release.xcconfig"; path = "Target Support Files/Pods-AppStoreClone/Pods-AppStoreClone.release.xcconfig"; sourceTree = "<group>"; };
/* End PBXFileReference section */

/* Begin PBXFrameworksBuildPhase section */
		62C29F1429C9D0A5003A380A /* Frameworks */ = {
			isa = PBXFrameworksBuildPhase;
			buildActionMask = 2147483647;
			files = (
				A67959AFED28CA8C364F3495 /* Pods_AppStoreClone.framework in Frameworks */,
			);
			runOnlyForDeploymentPostprocessing = 0;
		};
/* End PBXFrameworksBuildPhase section */

/* Begin PBXGroup section */
		2F3E6DCF9CCE4E69B290DDA0 /* Pods */ = {
			isa = PBXGroup;
			children = (
				A0A6D16258A07AC894C4E047 /* Pods-AppStoreClone.debug.xcconfig */,
				CA9BEE40D8C2D6905A71C0DF /* Pods-AppStoreClone.release.xcconfig */,
			);
			path = Pods;
			sourceTree = "<group>";
		};
		5C0C050B7940F3465D2BC9D5 /* Frameworks */ = {
			isa = PBXGroup;
			children = (
				7009E6A8113E17B17A29CB9D /* Pods_AppStoreClone.framework */,
			);
			name = Frameworks;
			sourceTree = "<group>";
		};
		62A1D2D929CAF8280001840E /* Model */ = {
			isa = PBXGroup;
			children = (
				62A1D2DA29CAF8400001840E /* SearchResult.swift */,
			);
			path = Model;
			sourceTree = "<group>";
		};
		62A1D2DC29CB10BA0001840E /* Service */ = {
			isa = PBXGroup;
			children = (
				62A1D2DD29CB10DF0001840E /* Service.swift */,
			);
			path = Service;
			sourceTree = "<group>";
		};
		62C29F0E29C9D0A5003A380A = {
			isa = PBXGroup;
			children = (
				62C29F1929C9D0A5003A380A /* AppStoreClone */,
				62C29F1829C9D0A5003A380A /* Products */,
				2F3E6DCF9CCE4E69B290DDA0 /* Pods */,
				5C0C050B7940F3465D2BC9D5 /* Frameworks */,
			);
			sourceTree = "<group>";
		};
		62C29F1829C9D0A5003A380A /* Products */ = {
			isa = PBXGroup;
			children = (
				62C29F1729C9D0A5003A380A /* AppStoreClone.app */,
			);
			name = Products;
			sourceTree = "<group>";
		};
		62C29F1929C9D0A5003A380A /* AppStoreClone */ = {
			isa = PBXGroup;
			children = (
				62A1D2DC29CB10BA0001840E /* Service */,
				62A1D2D929CAF8280001840E /* Model */,
				62C29F3629CA076A003A380A /* Helpers */,
				62C29F3329C9FD94003A380A /* View */,
				62C29F3029C9F945003A380A /* Controller */,
				62C29F1A29C9D0A5003A380A /* AppDelegate.swift */,
				62C29F1C29C9D0A5003A380A /* SceneDelegate.swift */,
				62C29F1E29C9D0A5003A380A /* ViewController.swift */,
				62C29F2029C9D0A5003A380A /* Main.storyboard */,
				62C29F2329C9D0A6003A380A /* Assets.xcassets */,
				62C29F2529C9D0A6003A380A /* LaunchScreen.storyboard */,
				62C29F2829C9D0A6003A380A /* Info.plist */,
			);
			path = AppStoreClone;
			sourceTree = "<group>";
		};
		62C29F3029C9F945003A380A /* Controller */ = {
			isa = PBXGroup;
			children = (
				62EC7F2729CC1DE300F72B46 /* Search */,
				62EC7F2229CC1C6D00F72B46 /* Apps */,
				62C29F2E29C9D7ED003A380A /* BaseTabBarController.swift */,
				62EC7F2529CC1D7200F72B46 /* BaseListController.swift */,
			);
			path = Controller;
			sourceTree = "<group>";
		};
		62C29F3329C9FD94003A380A /* View */ = {
			isa = PBXGroup;
			children = (
				62EC7F2829CC1EF400F72B46 /* Apps */,
				62C29F3429C9FDFA003A380A /* SearchResultCell.swift */,
			);
			path = View;
			sourceTree = "<group>";
		};
		62C29F3629CA076A003A380A /* Helpers */ = {
			isa = PBXGroup;
			children = (
				62C29F3729CA0BCD003A380A /* VerticalStackView.swift */,
				62E8EF6429CB3D10004B4F41 /* Anchors.swift */,
				62EC7F2F29CC2C6E00F72B46 /* Extensions.swift */,
			);
			path = Helpers;
			sourceTree = "<group>";
		};
		62EC7F2229CC1C6D00F72B46 /* Apps */ = {
			isa = PBXGroup;
			children = (
				62EC7F2329CC1C9600F72B46 /* AppsPageController.swift */,
				62EC7F2B29CC21B100F72B46 /* AppsHorizontalController.swift */,
				62EC7F3329CC36A400F72B46 /* AppsHeaderHorizontalController.swift */,
			);
			path = Apps;
			sourceTree = "<group>";
		};
		62EC7F2729CC1DE300F72B46 /* Search */ = {
			isa = PBXGroup;
			children = (
				62C29F3129C9F97D003A380A /* AppsSearchController.swift */,
			);
			path = Search;
			sourceTree = "<group>";
		};
		62EC7F2829CC1EF400F72B46 /* Apps */ = {
			isa = PBXGroup;
			children = (
				62EC7F2929CC1F0700F72B46 /* AppsGroupCell.swift */,
				62EC7F2D29CC2B6E00F72B46 /* AppsRowCell.swift */,
				62EC7F3129CC34FE00F72B46 /* AppsPageHeader.swift */,
				62EC7F3529CC387100F72B46 /* AppsHeaderCell.swift */,
			);
			path = Apps;
			sourceTree = "<group>";
		};
/* End PBXGroup section */

/* Begin PBXNativeTarget section */
		62C29F1629C9D0A5003A380A /* AppStoreClone */ = {
			isa = PBXNativeTarget;
			buildConfigurationList = 62C29F2B29C9D0A6003A380A /* Build configuration list for PBXNativeTarget "AppStoreClone" */;
			buildPhases = (
				8FA0307C11D80166D1048A85 /* [CP] Check Pods Manifest.lock */,
				62C29F1329C9D0A5003A380A /* Sources */,
				62C29F1429C9D0A5003A380A /* Frameworks */,
				62C29F1529C9D0A5003A380A /* Resources */,
				94E2B2354B22E9755731619B /* [CP] Embed Pods Frameworks */,
			);
			buildRules = (
			);
			dependencies = (
			);
			name = AppStoreClone;
			productName = AppStoreClone;
			productReference = 62C29F1729C9D0A5003A380A /* AppStoreClone.app */;
			productType = "com.apple.product-type.application";
		};
/* End PBXNativeTarget section */

/* Begin PBXProject section */
		62C29F0F29C9D0A5003A380A /* Project object */ = {
			isa = PBXProject;
			attributes = {
				BuildIndependentTargetsInParallel = 1;
				LastSwiftUpdateCheck = 1320;
				LastUpgradeCheck = 1320;
				TargetAttributes = {
					62C29F1629C9D0A5003A380A = {
						CreatedOnToolsVersion = 13.2.1;
					};
				};
			};
			buildConfigurationList = 62C29F1229C9D0A5003A380A /* Build configuration list for PBXProject "AppStoreClone" */;
			compatibilityVersion = "Xcode 13.0";
			developmentRegion = en;
			hasScannedForEncodings = 0;
			knownRegions = (
				en,
				Base,
			);
			mainGroup = 62C29F0E29C9D0A5003A380A;
			productRefGroup = 62C29F1829C9D0A5003A380A /* Products */;
			projectDirPath = "";
			projectRoot = "";
			targets = (
				62C29F1629C9D0A5003A380A /* AppStoreClone */,
			);
		};
/* End PBXProject section */

/* Begin PBXResourcesBuildPhase section */
		62C29F1529C9D0A5003A380A /* Resources */ = {
			isa = PBXResourcesBuildPhase;
			buildActionMask = 2147483647;
			files = (
				62C29F2729C9D0A6003A380A /* LaunchScreen.storyboard in Resources */,
				62C29F2429C9D0A6003A380A /* Assets.xcassets in Resources */,
				62C29F2229C9D0A5003A380A /* Main.storyboard in Resources */,
			);
			runOnlyForDeploymentPostprocessing = 0;
		};
/* End PBXResourcesBuildPhase section */

/* Begin PBXShellScriptBuildPhase section */
		8FA0307C11D80166D1048A85 /* [CP] Check Pods Manifest.lock */ = {
			isa = PBXShellScriptBuildPhase;
			buildActionMask = 2147483647;
			files = (
			);
			inputFileListPaths = (
			);
			inputPaths = (
				"${PODS_PODFILE_DIR_PATH}/Podfile.lock",
				"${PODS_ROOT}/Manifest.lock",
			);
			name = "[CP] Check Pods Manifest.lock";
			outputFileListPaths = (
			);
			outputPaths = (
				"$(DERIVED_FILE_DIR)/Pods-AppStoreClone-checkManifestLockResult.txt",
			);
			runOnlyForDeploymentPostprocessing = 0;
			shellPath = /bin/sh;
			shellScript = "diff \"${PODS_PODFILE_DIR_PATH}/Podfile.lock\" \"${PODS_ROOT}/Manifest.lock\" > /dev/null\nif [ $? != 0 ] ; then\n    # print error to STDERR\n    echo \"error: The sandbox is not in sync with the Podfile.lock. Run 'pod install' or update your CocoaPods installation.\" >&2\n    exit 1\nfi\n# This output is used by Xcode 'outputs' to avoid re-running this script phase.\necho \"SUCCESS\" > \"${SCRIPT_OUTPUT_FILE_0}\"\n";
			showEnvVarsInLog = 0;
		};
		94E2B2354B22E9755731619B /* [CP] Embed Pods Frameworks */ = {
			isa = PBXShellScriptBuildPhase;
			buildActionMask = 2147483647;
			files = (
			);
			inputFileListPaths = (
				"${PODS_ROOT}/Target Support Files/Pods-AppStoreClone/Pods-AppStoreClone-frameworks-${CONFIGURATION}-input-files.xcfilelist",
			);
			name = "[CP] Embed Pods Frameworks";
			outputFileListPaths = (
				"${PODS_ROOT}/Target Support Files/Pods-AppStoreClone/Pods-AppStoreClone-frameworks-${CONFIGURATION}-output-files.xcfilelist",
			);
			runOnlyForDeploymentPostprocessing = 0;
			shellPath = /bin/sh;
			shellScript = "\"${PODS_ROOT}/Target Support Files/Pods-AppStoreClone/Pods-AppStoreClone-frameworks.sh\"\n";
			showEnvVarsInLog = 0;
		};
/* End PBXShellScriptBuildPhase section */

/* Begin PBXSourcesBuildPhase section */
		62C29F1329C9D0A5003A380A /* Sources */ = {
			isa = PBXSourcesBuildPhase;
			buildActionMask = 2147483647;
			files = (
				62C29F2F29C9D7ED003A380A /* BaseTabBarController.swift in Sources */,
				62EC7F2429CC1C9600F72B46 /* AppsPageController.swift in Sources */,
				62C29F1F29C9D0A5003A380A /* ViewController.swift in Sources */,
				62E8EF6529CB3D10004B4F41 /* Anchors.swift in Sources */,
				62A1D2DB29CAF8400001840E /* SearchResult.swift in Sources */,
				62C29F1B29C9D0A5003A380A /* AppDelegate.swift in Sources */,
				62EC7F2A29CC1F0700F72B46 /* AppsGroupCell.swift in Sources */,
				62C29F3229C9F97D003A380A /* AppsSearchController.swift in Sources */,
				62A1D2DE29CB10DF0001840E /* Service.swift in Sources */,
				62C29F3529C9FDFA003A380A /* SearchResultCell.swift in Sources */,
				62EC7F3429CC36A400F72B46 /* AppsHeaderHorizontalController.swift in Sources */,
				62EC7F3229CC34FE00F72B46 /* AppsPageHeader.swift in Sources */,
				62C29F1D29C9D0A5003A380A /* SceneDelegate.swift in Sources */,
				62EC7F3029CC2C6E00F72B46 /* Extensions.swift in Sources */,
				62EC7F2629CC1D7200F72B46 /* BaseListController.swift in Sources */,
				62EC7F3629CC387100F72B46 /* AppsHeaderCell.swift in Sources */,
				62C29F3829CA0BCD003A380A /* VerticalStackView.swift in Sources */,
				62EC7F2C29CC21B100F72B46 /* AppsHorizontalController.swift in Sources */,
				62EC7F2E29CC2B6E00F72B46 /* AppsRowCell.swift in Sources */,
			);
			runOnlyForDeploymentPostprocessing = 0;
		};
/* End PBXSourcesBuildPhase section */

/* Begin PBXVariantGroup section */
		62C29F2029C9D0A5003A380A /* Main.storyboard */ = {
			isa = PBXVariantGroup;
			children = (
				62C29F2129C9D0A5003A380A /* Base */,
			);
			name = Main.storyboard;
			sourceTree = "<group>";
		};
		62C29F2529C9D0A6003A380A /* LaunchScreen.storyboard */ = {
			isa = PBXVariantGroup;
			children = (
				62C29F2629C9D0A6003A380A /* Base */,
			);
			name = LaunchScreen.storyboard;
			sourceTree = "<group>";
		};
/* End PBXVariantGroup section */

/* Begin XCBuildConfiguration section */
		62C29F2929C9D0A6003A380A /* Debug */ = {
			isa = XCBuildConfiguration;
			buildSettings = {
				ALWAYS_SEARCH_USER_PATHS = NO;
				CLANG_ANALYZER_NONNULL = YES;
				CLANG_ANALYZER_NUMBER_OBJECT_CONVERSION = YES_AGGRESSIVE;
				CLANG_CXX_LANGUAGE_STANDARD = "gnu++17";
				CLANG_CXX_LIBRARY = "libc++";
				CLANG_ENABLE_MODULES = YES;
				CLANG_ENABLE_OBJC_ARC = YES;
				CLANG_ENABLE_OBJC_WEAK = YES;
				CLANG_WARN_BLOCK_CAPTURE_AUTORELEASING = YES;
				CLANG_WARN_BOOL_CONVERSION = YES;
				CLANG_WARN_COMMA = YES;
				CLANG_WARN_CONSTANT_CONVERSION = YES;
				CLANG_WARN_DEPRECATED_OBJC_IMPLEMENTATIONS = YES;
				CLANG_WARN_DIRECT_OBJC_ISA_USAGE = YES_ERROR;
				CLANG_WARN_DOCUMENTATION_COMMENTS = YES;
				CLANG_WARN_EMPTY_BODY = YES;
				CLANG_WARN_ENUM_CONVERSION = YES;
				CLANG_WARN_INFINITE_RECURSION = YES;
				CLANG_WARN_INT_CONVERSION = YES;
				CLANG_WARN_NON_LITERAL_NULL_CONVERSION = YES;
				CLANG_WARN_OBJC_IMPLICIT_RETAIN_SELF = YES;
				CLANG_WARN_OBJC_LITERAL_CONVERSION = YES;
				CLANG_WARN_OBJC_ROOT_CLASS = YES_ERROR;
				CLANG_WARN_QUOTED_INCLUDE_IN_FRAMEWORK_HEADER = YES;
				CLANG_WARN_RANGE_LOOP_ANALYSIS = YES;
				CLANG_WARN_STRICT_PROTOTYPES = YES;
				CLANG_WARN_SUSPICIOUS_MOVE = YES;
				CLANG_WARN_UNGUARDED_AVAILABILITY = YES_AGGRESSIVE;
				CLANG_WARN_UNREACHABLE_CODE = YES;
				CLANG_WARN__DUPLICATE_METHOD_MATCH = YES;
				COPY_PHASE_STRIP = NO;
				DEBUG_INFORMATION_FORMAT = dwarf;
				ENABLE_STRICT_OBJC_MSGSEND = YES;
				ENABLE_TESTABILITY = YES;
				GCC_C_LANGUAGE_STANDARD = gnu11;
				GCC_DYNAMIC_NO_PIC = NO;
				GCC_NO_COMMON_BLOCKS = YES;
				GCC_OPTIMIZATION_LEVEL = 0;
				GCC_PREPROCESSOR_DEFINITIONS = (
					"DEBUG=1",
					"$(inherited)",
				);
				GCC_WARN_64_TO_32_BIT_CONVERSION = YES;
				GCC_WARN_ABOUT_RETURN_TYPE = YES_ERROR;
				GCC_WARN_UNDECLARED_SELECTOR = YES;
				GCC_WARN_UNINITIALIZED_AUTOS = YES_AGGRESSIVE;
				GCC_WARN_UNUSED_FUNCTION = YES;
				GCC_WARN_UNUSED_VARIABLE = YES;
				IPHONEOS_DEPLOYMENT_TARGET = 15.2;
				MTL_ENABLE_DEBUG_INFO = INCLUDE_SOURCE;
				MTL_FAST_MATH = YES;
				ONLY_ACTIVE_ARCH = YES;
				SDKROOT = iphoneos;
				SWIFT_ACTIVE_COMPILATION_CONDITIONS = DEBUG;
				SWIFT_OPTIMIZATION_LEVEL = "-Onone";
			};
			name = Debug;
		};
		62C29F2A29C9D0A6003A380A /* Release */ = {
			isa = XCBuildConfiguration;
			buildSettings = {
				ALWAYS_SEARCH_USER_PATHS = NO;
				CLANG_ANALYZER_NONNULL = YES;
				CLANG_ANALYZER_NUMBER_OBJECT_CONVERSION = YES_AGGRESSIVE;
				CLANG_CXX_LANGUAGE_STANDARD = "gnu++17";
				CLANG_CXX_LIBRARY = "libc++";
				CLANG_ENABLE_MODULES = YES;
				CLANG_ENABLE_OBJC_ARC = YES;
				CLANG_ENABLE_OBJC_WEAK = YES;
				CLANG_WARN_BLOCK_CAPTURE_AUTORELEASING = YES;
				CLANG_WARN_BOOL_CONVERSION = YES;
				CLANG_WARN_COMMA = YES;
				CLANG_WARN_CONSTANT_CONVERSION = YES;
				CLANG_WARN_DEPRECATED_OBJC_IMPLEMENTATIONS = YES;
				CLANG_WARN_DIRECT_OBJC_ISA_USAGE = YES_ERROR;
				CLANG_WARN_DOCUMENTATION_COMMENTS = YES;
				CLANG_WARN_EMPTY_BODY = YES;
				CLANG_WARN_ENUM_CONVERSION = YES;
				CLANG_WARN_INFINITE_RECURSION = YES;
				CLANG_WARN_INT_CONVERSION = YES;
				CLANG_WARN_NON_LITERAL_NULL_CONVERSION = YES;
				CLANG_WARN_OBJC_IMPLICIT_RETAIN_SELF = YES;
				CLANG_WARN_OBJC_LITERAL_CONVERSION = YES;
				CLANG_WARN_OBJC_ROOT_CLASS = YES_ERROR;
				CLANG_WARN_QUOTED_INCLUDE_IN_FRAMEWORK_HEADER = YES;
				CLANG_WARN_RANGE_LOOP_ANALYSIS = YES;
				CLANG_WARN_STRICT_PROTOTYPES = YES;
				CLANG_WARN_SUSPICIOUS_MOVE = YES;
				CLANG_WARN_UNGUARDED_AVAILABILITY = YES_AGGRESSIVE;
				CLANG_WARN_UNREACHABLE_CODE = YES;
				CLANG_WARN__DUPLICATE_METHOD_MATCH = YES;
				COPY_PHASE_STRIP = NO;
				DEBUG_INFORMATION_FORMAT = "dwarf-with-dsym";
				ENABLE_NS_ASSERTIONS = NO;
				ENABLE_STRICT_OBJC_MSGSEND = YES;
				GCC_C_LANGUAGE_STANDARD = gnu11;
				GCC_NO_COMMON_BLOCKS = YES;
				GCC_WARN_64_TO_32_BIT_CONVERSION = YES;
				GCC_WARN_ABOUT_RETURN_TYPE = YES_ERROR;
				GCC_WARN_UNDECLARED_SELECTOR = YES;
				GCC_WARN_UNINITIALIZED_AUTOS = YES_AGGRESSIVE;
				GCC_WARN_UNUSED_FUNCTION = YES;
				GCC_WARN_UNUSED_VARIABLE = YES;
				IPHONEOS_DEPLOYMENT_TARGET = 15.2;
				MTL_ENABLE_DEBUG_INFO = NO;
				MTL_FAST_MATH = YES;
				SDKROOT = iphoneos;
				SWIFT_COMPILATION_MODE = wholemodule;
				SWIFT_OPTIMIZATION_LEVEL = "-O";
				VALIDATE_PRODUCT = YES;
			};
			name = Release;
		};
		62C29F2C29C9D0A6003A380A /* Debug */ = {
			isa = XCBuildConfiguration;
			baseConfigurationReference = A0A6D16258A07AC894C4E047 /* Pods-AppStoreClone.debug.xcconfig */;
			buildSettings = {
				ASSETCATALOG_COMPILER_APPICON_NAME = AppIcon;
				ASSETCATALOG_COMPILER_GLOBAL_ACCENT_COLOR_NAME = AccentColor;
				CODE_SIGN_STYLE = Automatic;
				CURRENT_PROJECT_VERSION = 1;
				DEVELOPMENT_TEAM = N4J686858G;
				GENERATE_INFOPLIST_FILE = YES;
				INFOPLIST_FILE = AppStoreClone/Info.plist;
				INFOPLIST_KEY_UIApplicationSupportsIndirectInputEvents = YES;
				INFOPLIST_KEY_UILaunchStoryboardName = LaunchScreen;
				INFOPLIST_KEY_UIMainStoryboardFile = Main;
				INFOPLIST_KEY_UISupportedInterfaceOrientations_iPad = "UIInterfaceOrientationPortrait UIInterfaceOrientationPortraitUpsideDown UIInterfaceOrientationLandscapeLeft UIInterfaceOrientationLandscapeRight";
				INFOPLIST_KEY_UISupportedInterfaceOrientations_iPhone = "UIInterfaceOrientationPortrait UIInterfaceOrientationLandscapeLeft UIInterfaceOrientationLandscapeRight";
				LD_RUNPATH_SEARCH_PATHS = (
					"$(inherited)",
					"@executable_path/Frameworks",
				);
				MARKETING_VERSION = 1.0;
				PRODUCT_BUNDLE_IDENTIFIER = com.Trollope071.AppStoreClone;
				PRODUCT_NAME = "$(TARGET_NAME)";
				SWIFT_EMIT_LOC_STRINGS = YES;
				SWIFT_VERSION = 5.0;
				TARGETED_DEVICE_FAMILY = "1,2";
			};
			name = Debug;
		};
		62C29F2D29C9D0A6003A380A /* Release */ = {
			isa = XCBuildConfiguration;
			baseConfigurationReference = CA9BEE40D8C2D6905A71C0DF /* Pods-AppStoreClone.release.xcconfig */;
			buildSettings = {
				ASSETCATALOG_COMPILER_APPICON_NAME = AppIcon;
				ASSETCATALOG_COMPILER_GLOBAL_ACCENT_COLOR_NAME = AccentColor;
				CODE_SIGN_STYLE = Automatic;
				CURRENT_PROJECT_VERSION = 1;
				DEVELOPMENT_TEAM = N4J686858G;
				GENERATE_INFOPLIST_FILE = YES;
				INFOPLIST_FILE = AppStoreClone/Info.plist;
				INFOPLIST_KEY_UIApplicationSupportsIndirectInputEvents = YES;
				INFOPLIST_KEY_UILaunchStoryboardName = LaunchScreen;
				INFOPLIST_KEY_UIMainStoryboardFile = Main;
				INFOPLIST_KEY_UISupportedInterfaceOrientations_iPad = "UIInterfaceOrientationPortrait UIInterfaceOrientationPortraitUpsideDown UIInterfaceOrientationLandscapeLeft UIInterfaceOrientationLandscapeRight";
				INFOPLIST_KEY_UISupportedInterfaceOrientations_iPhone = "UIInterfaceOrientationPortrait UIInterfaceOrientationLandscapeLeft UIInterfaceOrientationLandscapeRight";
				LD_RUNPATH_SEARCH_PATHS = (
					"$(inherited)",
					"@executable_path/Frameworks",
				);
				MARKETING_VERSION = 1.0;
				PRODUCT_BUNDLE_IDENTIFIER = com.Trollope071.AppStoreClone;
				PRODUCT_NAME = "$(TARGET_NAME)";
				SWIFT_EMIT_LOC_STRINGS = YES;
				SWIFT_VERSION = 5.0;
				TARGETED_DEVICE_FAMILY = "1,2";
			};
			name = Release;
		};
/* End XCBuildConfiguration section */

/* Begin XCConfigurationList section */
		62C29F1229C9D0A5003A380A /* Build configuration list for PBXProject "AppStoreClone" */ = {
			isa = XCConfigurationList;
			buildConfigurations = (
				62C29F2929C9D0A6003A380A /* Debug */,
				62C29F2A29C9D0A6003A380A /* Release */,
			);
			defaultConfigurationIsVisible = 0;
			defaultConfigurationName = Release;
		};
		62C29F2B29C9D0A6003A380A /* Build configuration list for PBXNativeTarget "AppStoreClone" */ = {
			isa = XCConfigurationList;
			buildConfigurations = (
				62C29F2C29C9D0A6003A380A /* Debug */,
				62C29F2D29C9D0A6003A380A /* Release */,
			);
			defaultConfigurationIsVisible = 0;
			defaultConfigurationName = Release;
		};
/* End XCConfigurationList section */
	};
	rootObject = 62C29F0F29C9D0A5003A380A /* Project object */;
}
